
Microsoft Visual Studio Solution File, Format Version 12.00
# Visual Studio Version 16
VisualStudioVersion = 16.0.29728.190
MinimumVisualStudioVersion = 10.0.40219.1
Project("{2150E333-8FDC-42A3-9474-1A3956D46DE8}") = "COMMON", "COMMON", "{5D7BAE5E-8EBF-45F2-B025-DFAB6B0A38D6}"
EndProject
Project("{FAE04EC0-301F-11D3-BF4B-00C04F79EFBC}") = "TL.Entities", "TL.Entities\TL.Entities.csproj", "{F1408808-4A0F-4762-B55F-0DEFC4797DE8}"
EndProject
Project("{2150E333-8FDC-42A3-9474-1A3956D46DE8}") = "DAL", "DAL", "{ED48C5A6-BEC4-488F-9555-21A700FE66FA}"
EndProject
Project("{FAE04EC0-301F-11D3-BF4B-00C04F79EFBC}") = "TL.DAL.Interface", "TL.DAL.Interface\TL.DAL.Interface.csproj", "{8DC651F0-695F-4DBF-9994-E05651DB42B7}"
EndProject
Project("{FAE04EC0-301F-11D3-BF4B-00C04F79EFBC}") = "TL.DAL", "TL.DAL\TL.DAL.csproj", "{4F9E76F7-7FEC-4FA4-B12D-D09E44A23FB7}"
EndProject
Project("{2150E333-8FDC-42A3-9474-1A3956D46DE8}") = "BLL", "BLL", "{A162451A-5C3A-430F-9F8C-E93C85ECE5AE}"
EndProject
Project("{FAE04EC0-301F-11D3-BF4B-00C04F79EFBC}") = "TL.BLL.Interface", "TL.BLL.Interface\TL.BLL.Interface.csproj", "{0A0FFF4D-3511-422D-99A5-DDF02617FC57}"
EndProject
Project("{FAE04EC0-301F-11D3-BF4B-00C04F79EFBC}") = "TL.BLL", "TL.BLL\TL.BLL.csproj", "{B4C579A2-C75F-4973-AFF6-DDC7111FD828}"
EndProject
Project("{2150E333-8FDC-42A3-9474-1A3956D46DE8}") = "PL", "PL", "{E3F6F3CA-BFC7-4491-968C-BBA6FE40F1F8}"
EndProject
Project("{FAE04EC0-301F-11D3-BF4B-00C04F79EFBC}") = "TL.PL", "TL.PL\TL.PL.csproj", "{0BB614B3-3CCB-4930-B3FF-5D2EEEB3B37C}"
	ProjectSection(ProjectDependencies) = postProject
		{F1408808-4A0F-4762-B55F-0DEFC4797DE8} = {F1408808-4A0F-4762-B55F-0DEFC4797DE8}
	EndProjectSection
EndProject
Global
	GlobalSection(SolutionConfigurationPlatforms) = preSolution
		Debug|Any CPU = Debug|Any CPU
		Release|Any CPU = Release|Any CPU
	EndGlobalSection
	GlobalSection(ProjectConfigurationPlatforms) = postSolution
		{F1408808-4A0F-4762-B55F-0DEFC4797DE8}.Debug|Any CPU.ActiveCfg = Debug|Any CPU
		{F1408808-4A0F-4762-B55F-0DEFC4797DE8}.Debug|Any CPU.Build.0 = Debug|Any CPU
		{F1408808-4A0F-4762-B55F-0DEFC4797DE8}.Release|Any CPU.ActiveCfg = Release|Any CPU
		{F1408808-4A0F-4762-B55F-0DEFC4797DE8}.Release|Any CPU.Build.0 = Release|Any CPU
		{8DC651F0-695F-4DBF-9994-E05651DB42B7}.Debug|Any CPU.ActiveCfg = Debug|Any CPU
		{8DC651F0-695F-4DBF-9994-E05651DB42B7}.Debug|Any CPU.Build.0 = Debug|Any CPU
		{8DC651F0-695F-4DBF-9994-E05651DB42B7}.Release|Any CPU.ActiveCfg = Release|Any CPU
		{8DC651F0-695F-4DBF-9994-E05651DB42B7}.Release|Any CPU.Build.0 = Release|Any CPU
		{4F9E76F7-7FEC-4FA4-B12D-D09E44A23FB7}.Debug|Any CPU.ActiveCfg = Debug|Any CPU
		{4F9E76F7-7FEC-4FA4-B12D-D09E44A23FB7}.Debug|Any CPU.Build.0 = Debug|Any CPU
		{4F9E76F7-7FEC-4FA4-B12D-D09E44A23FB7}.Release|Any CPU.ActiveCfg = Release|Any CPU
		{4F9E76F7-7FEC-4FA4-B12D-D09E44A23FB7}.Release|Any CPU.Build.0 = Release|Any CPU
		{0A0FFF4D-3511-422D-99A5-DDF02617FC57}.Debug|Any CPU.ActiveCfg = Debug|Any CPU
		{0A0FFF4D-3511-422D-99A5-DDF02617FC57}.Debug|Any CPU.Build.0 = Debug|Any CPU
		{0A0FFF4D-3511-422D-99A5-DDF02617FC57}.Release|Any CPU.ActiveCfg = Release|Any CPU
		{0A0FFF4D-3511-422D-99A5-DDF02617FC57}.Release|Any CPU.Build.0 = Release|Any CPU
		{B4C579A2-C75F-4973-AFF6-DDC7111FD828}.Debug|Any CPU.ActiveCfg = Debug|Any CPU
		{B4C579A2-C75F-4973-AFF6-DDC7111FD828}.Debug|Any CPU.Build.0 = Debug|Any CPU
		{B4C579A2-C75F-4973-AFF6-DDC7111FD828}.Release|Any CPU.ActiveCfg = Release|Any CPU
		{B4C579A2-C75F-4973-AFF6-DDC7111FD828}.Release|Any CPU.Build.0 = Release|Any CPU
		{0BB614B3-3CCB-4930-B3FF-5D2EEEB3B37C}.Debug|Any CPU.ActiveCfg = Debug|Any CPU
		{0BB614B3-3CCB-4930-B3FF-5D2EEEB3B37C}.Debug|Any CPU.Build.0 = Debug|Any CPU
		{0BB614B3-3CCB-4930-B3FF-5D2EEEB3B37C}.Release|Any CPU.ActiveCfg = Release|Any CPU
		{0BB614B3-3CCB-4930-B3FF-5D2EEEB3B37C}.Release|Any CPU.Build.0 = Release|Any CPU
	EndGlobalSection
	GlobalSection(SolutionProperties) = preSolution
		HideSolutionNode = FALSE
	EndGlobalSection
	GlobalSection(NestedProjects) = preSolution
		{F1408808-4A0F-4762-B55F-0DEFC4797DE8} = {5D7BAE5E-8EBF-45F2-B025-DFAB6B0A38D6}
		{8DC651F0-695F-4DBF-9994-E05651DB42B7} = {ED48C5A6-BEC4-488F-9555-21A700FE66FA}
		{4F9E76F7-7FEC-4FA4-B12D-D09E44A23FB7} = {ED48C5A6-BEC4-488F-9555-21A700FE66FA}
		{0A0FFF4D-3511-422D-99A5-DDF02617FC57} = {A162451A-5C3A-430F-9F8C-E93C85ECE5AE}
		{B4C579A2-C75F-4973-AFF6-DDC7111FD828} = {A162451A-5C3A-430F-9F8C-E93C85ECE5AE}
		{0BB614B3-3CCB-4930-B3FF-5D2EEEB3B37C} = {E3F6F3CA-BFC7-4491-968C-BBA6FE40F1F8}
	EndGlobalSection
	GlobalSection(ExtensibilityGlobals) = postSolution
		SolutionGuid = {E009C0A1-A709-441A-A08C-49A794A43CC0}
	EndGlobalSection
EndGlobal
